{
  "nodes": {
    "devenv": {
      "locked": {
        "dir": "src/modules",
        "lastModified": 1776863933,
        "narHash": "sha256-v9NoQFSln9n5zqVWUWUc9PajsMaGmga51HOAJqMx7Qw=",
        "owner": "cachix",
        "repo": "devenv",
        "rev": "863b4204725efaeeb73811e376f928232b720646",
        "type": "github"
      },
      "original": {
        "dir": "src/modules",
        "owner": "cachix",
        "repo": "devenv",
        "type": "github"
      }
    },
    "devenv-module-devcontainer": {
      "flake": false,
      "locked": {
        "lastModified": 1776276762,
        "narHash": "sha256-wgMcuVDk3iroDxQFi1+dEhXp9Nvd8N8Q84uI+U9UDg8=",
        "owner": "datakurre",
        "repo": "devenv-module-devcontainer",
        "rev": "7a77a9b6d4a02878757407df9fe0778570158d81",
        "type": "github"
      },
      "original": {
        "owner": "datakurre",
        "repo": "devenv-module-devcontainer",
        "type": "github"
      }
    },
    "devenv-module-devcontainer-nixpkgs": {
      "locked": {
        "lastModified": 1776879472,
        "narHash": "sha256-oBvPzeRWpM9CiMtR1v8KdktcJgBE9AaUgJ1K5Vl4CLg=",
        "owner": "nixos",
        "repo": "nixpkgs",
        "rev": "6645ac050c6e5b3b97698abe0ecbbf3d5da34ae1",
        "type": "github"
      },
      "original": {
        "owner": "nixos",
        "repo": "nixpkgs",
        "type": "github"
      }
    },
    "nixpkgs": {
      "locked": {
        "lastModified": 1776879472,
        "narHash": "sha256-oBvPzeRWpM9CiMtR1v8KdktcJgBE9AaUgJ1K5Vl4CLg=",
        "owner": "nixos",
        "repo": "nixpkgs",
        "rev": "6645ac050c6e5b3b97698abe0ecbbf3d5da34ae1",
        "type": "github"
      },
      "original": {
        "owner": "nixos",
        "repo": "nixpkgs",
        "type": "github"
      }
    },
    "root": {
      "inputs": {
        "devenv": "devenv",
        "devenv-module-devcontainer": "devenv-module-devcontainer",
        "devenv-module-devcontainer-nixpkgs": "devenv-module-devcontainer-nixpkgs",
        "nixpkgs": "nixpkgs"
      }
    }
  },
  "root": "root",
  "version": 7
}