{
  "nodes": {
    "devenv": {
      "locked": {
        "dir": "src/modules",
        "lastModified": 1779899848,
        "narHash": "sha256-Rch5lM6yNoKUjsPd0jb4db3XCm0Q5PZ+eNsgnYKOlBQ=",
        "owner": "cachix",
        "repo": "devenv",
        "rev": "7c4c690d5aa3cb94a9cb7bd7172f8739c408a343",
        "type": "github"
      },
      "original": {
        "dir": "src/modules",
        "owner": "cachix",
        "repo": "devenv",
        "type": "github"
      }
    },
    "devenv-module-devcontainer": {
      "flake": false,
      "locked": {
        "lastModified": 1778156519,
        "narHash": "sha256-F2e14zNW91DHJ2idAiUmnPrxAPlkV5PCfsaj+hBKXzg=",
        "owner": "datakurre",
        "repo": "devenv-module-devcontainer",
        "rev": "72e181b3a35559ab722a6e57b723dc86364af5b1",
        "type": "github"
      },
      "original": {
        "owner": "datakurre",
        "repo": "devenv-module-devcontainer",
        "type": "github"
      }
    },
    "devenv-module-devcontainer-nixpkgs": {
      "locked": {
        "lastModified": 1779901959,
        "narHash": "sha256-56UT7KHe2a4P6KRaGLjsaEI5/kmGVpkAt09d0NQzP/Q=",
        "owner": "nixos",
        "repo": "nixpkgs",
        "rev": "2477ee9f4b4b6f1972ad4f9467e292688d3fdf90",
        "type": "github"
      },
      "original": {
        "owner": "nixos",
        "repo": "nixpkgs",
        "type": "github"
      }
    },
    "nixpkgs": {
      "locked": {
        "lastModified": 1779901959,
        "narHash": "sha256-56UT7KHe2a4P6KRaGLjsaEI5/kmGVpkAt09d0NQzP/Q=",
        "owner": "nixos",
        "repo": "nixpkgs",
        "rev": "2477ee9f4b4b6f1972ad4f9467e292688d3fdf90",
        "type": "github"
      },
      "original": {
        "owner": "nixos",
        "repo": "nixpkgs",
        "type": "github"
      }
    },
    "root": {
      "inputs": {
        "devenv": "devenv",
        "devenv-module-devcontainer": "devenv-module-devcontainer",
        "devenv-module-devcontainer-nixpkgs": "devenv-module-devcontainer-nixpkgs",
        "nixpkgs": "nixpkgs"
      }
    }
  },
  "root": "root",
  "version": 7
}